
Microsoft Visual Studio Solution File, Format Version 12.00
# Visual Studio Version 16
VisualStudioVersion = 16.0.30204.135
MinimumVisualStudioVersion = 10.0.40219.1
Project("{2150E333-8FDC-42A3-9474-1A3956D46DE8}") = "Tests", "Tests", "{D610895B-FE63-4FFD-9911-ED82CCBD2E09}"
EndProject
Project("{FAE04EC0-301F-11D3-BF4B-00C04F79EFBC}") = "DeltaWare.Dependencies.Tests", "tests\DeltaWare.Dependencies.Tests\DeltaWare.Dependencies.Tests.csproj", "{A90063BE-25D8-4B13-BB8D-E678ED417E41}"
EndProject
Project("{9A19103F-16F7-4668-BE54-9A1E7A4F7556}") = "DeltaWare.Dependencies.Abstractions", "src\DeltaWare.Dependencies.Abstractions\DeltaWare.Dependencies.Abstractions.csproj", "{67687995-F992-46C3-B97D-7D577D20122B}"
EndProject
Project("{FAE04EC0-301F-11D3-BF4B-00C04F79EFBC}") = "DeltaWare.Dependencies", "src\DeltaWare.Dependencies\DeltaWare.Dependencies.csproj", "{A681B989-B175-4647-AB60-E7C482B5AF57}"
EndProject
Global
	GlobalSection(SolutionConfigurationPlatforms) = preSolution
		Debug|Any CPU = Debug|Any CPU
		Release|Any CPU = Release|Any CPU
	EndGlobalSection
	GlobalSection(ProjectConfigurationPlatforms) = postSolution
		{A90063BE-25D8-4B13-BB8D-E678ED417E41}.Debug|Any CPU.ActiveCfg = Debug|Any CPU
		{A90063BE-25D8-4B13-BB8D-E678ED417E41}.Debug|Any CPU.Build.0 = Debug|Any CPU
		{A90063BE-25D8-4B13-BB8D-E678ED417E41}.Release|Any CPU.ActiveCfg = Release|Any CPU
		{A90063BE-25D8-4B13-BB8D-E678ED417E41}.Release|Any CPU.Build.0 = Release|Any CPU
		{67687995-F992-46C3-B97D-7D577D20122B}.Debug|Any CPU.ActiveCfg = Debug|Any CPU
		{67687995-F992-46C3-B97D-7D577D20122B}.Debug|Any CPU.Build.0 = Debug|Any CPU
		{67687995-F992-46C3-B97D-7D577D20122B}.Release|Any CPU.ActiveCfg = Release|Any CPU
		{67687995-F992-46C3-B97D-7D577D20122B}.Release|Any CPU.Build.0 = Release|Any CPU
		{A681B989-B175-4647-AB60-E7C482B5AF57}.Debug|Any CPU.ActiveCfg = Debug|Any CPU
		{A681B989-B175-4647-AB60-E7C482B5AF57}.Debug|Any CPU.Build.0 = Debug|Any CPU
		{A681B989-B175-4647-AB60-E7C482B5AF57}.Release|Any CPU.ActiveCfg = Release|Any CPU
		{A681B989-B175-4647-AB60-E7C482B5AF57}.Release|Any CPU.Build.0 = Release|Any CPU
	EndGlobalSection
	GlobalSection(SolutionProperties) = preSolution
		HideSolutionNode = FALSE
	EndGlobalSection
	GlobalSection(NestedProjects) = preSolution
		{A90063BE-25D8-4B13-BB8D-E678ED417E41} = {D610895B-FE63-4FFD-9911-ED82CCBD2E09}
	EndGlobalSection
	GlobalSection(ExtensibilityGlobals) = postSolution
		SolutionGuid = {CA42BCF0-19AB-41A2-ABF5-CAE4688A90C1}
	EndGlobalSection
EndGlobal
